github.com/TykTechnologies/murmur3 v0.0.0-20230310161213-aad17efd5632 h1:T5NWziFusj8au5nxAqMMh/bZyX9CAyYnBkaMSsfH6BA=
github.com/TykTechnologies/murmur3 v0.0.0-20230310161213-aad17efd5632/go.mod h1:UsPYgOFBpNzDXLEti7MKOwHLpVSqdzuNGkVFPspQmnQ=
github.com/buger/jsonparser v1.1.1 h1:2PnMjfWD7wBILjqQbt530v576A/cAbQvEW9gGIpYMUs=
github.com/buger/jsonparser v1.1.1/go.mod h1:6RYKKt7H4d4+iWqouImQ9R2FZql3VbhNgx27UK13J/0=
